github.com/aws/aws-sdk-go-v2 v1.47.1 h1:uOIZnp4PK3ZhKI0dNrJrhTEsLxbpXHTAJlwoS1pvAtw=
github.com/aws/aws-sdk-go-v2 v1.47.1/go.mod h1:bttEH6JqnUL8LepvDVfdrds/fZ5bCIxzpe3abyUrhDU=
github.com/aws/aws-sdk-go-v2/aws/protocol/eventstream v1.7.20 h1:GPRlPwz40I2B2VrBEASOA3Bi77NyeqejNLkifosX0rs=
github.com/aws/aws-sdk-go-v2/aws/protocol/eventstream v1.7.20/go.mod h1:g7PNzKcsOKWb4fkSRBA7BZVAS6Y8IcxzN+nRohhQ1Q8=
github.com/aws/aws-sdk-go-v2/config v1.33.5 h1:UA1dmokBFOLFoOyVBhO6HjM6edy0MIk5AZSkJVcksQw=
github.com/aws/aws-sdk-go-v2/config v1.33.5/go.mod h1:Dop8axzz0xx38GExIYWXdeyc8QQ7Cr+nPsxpD/LYy4U=
github.com/aws/aws-sdk-go-v2/credentials v1.20.5 h1:wklUVvHMc9xTQ3rcp49/ISpiMnhbCicJcA6n6S8m7J8=
github.com/aws/aws-sdk-go-v2/credentials v1.20.5/go.mod h1:fyEdrn6ccLFOkoK84j5bQyGTxp9zPt5l2XMhxf4DVZs=
github.com/aws/aws-sdk-go-v2/feature/dynamodb/attributevalue v1.20.48 h1:HmyOhf6PZLvauKXMb8UuIfUMoFyRGmzOStx/+oFLfnQ=
github.com/aws/aws-sdk-go-v2/feature/dynamodb/attributevalue v1.20.48/go.mod h1:NMdk9/G96qMfunIL5BwpnR4yPyy0MCXzqONMmuWWjmc=
github.com/aws/aws-sdk-go-v2/feature/ec2/imds v1.20.0 h1:AM4hHjww+PSFtt6E+UrBrPlZkWsePCLEt9AjkfQX+yM=
github.com/aws/aws-sdk-go-v2/feature/ec2/imds v1.20.0/go.mod h1:3x/yXezeQjpOvBb4jEMxrS8SXvpdvJ5abv6l5c1gWM8=
github.com/aws/aws-sdk-go-v2/internal/configsources v1.5.4 h1:CLq4+8UHCI+ZZYl/EuJxXovaIVN2xeeT8JV+dsApQ5E=
github.com/aws/aws-sdk-go-v2/internal/configsources v1.5.4/go.mod h1:Wv4q5sAM04xAMkoOedxLx2inVf6K5FdxYp+A61L+q/0=
github.com/aws/aws-sdk-go-v2/internal/endpoints/v2 v2.8.4 h1:dD4MR81I7YkpEBRk6UP9rocC2QnT3qVuXwzlYTtfGEs=
github.com/aws/aws-sdk-go-v2/internal/endpoints/v2 v2.8.4/go.mod h1:EcXV1kAFd5XwSkDHlj94gnF3q5CkJyYiIJfH8N0VmrE=
github.com/aws/aws-sdk-go-v2/internal/v4a v1.5.4 h1:7Wo47d/xn/7KttCSBd8EGYeZ7ULRFRkUHr6vkZPBzVQ=
github.com/aws/aws-sdk-go-v2/internal/v4a v1.5.4/go.mod h1:tDB2IVC1xC3vX8o+6uRlzhTxP3g1b77CZXFX/oD2FnQ=
github.com/aws/aws-sdk-go-v2/service/apigatewayv2 v1.44.0 h1:+PUmMN8TCOMwE5sk/fblfq9rBDhFpcS0tVub1jEifmU=
github.com/aws/aws-sdk-go-v2/service/apigatewayv2 v1.44.0/go.mod h1:gy2IdCAIthzCjcS6WsPsW2GD+64llLAC3d3XOIH8p7g=
github.com/aws/aws-sdk-go-v2/service/bedrockruntime v1.63.0 h1:0YDtf7baintcPG68AG0sMdAVoV1Iej6eXIBh38sd1m4=
github.com/aws/aws-sdk-go-v2/service/bedrockruntime v1.63.0/go.mod h1:7P+JIqwRqUIlzGn7Ba0qbSbPV/zsdZk7VkJTEFO6Z3U=
github.com/aws/aws-sdk-go-v2/service/cloudwatchlogs v1.88.1 h1:+pie8Q5EQoy2FvLb9zeoWabVC+Pfzyba4wwm7jgKyLc=
github.com/aws/aws-sdk-go-v2/service/cloudwatchlogs v1.88.1/go.mod h1:exErhqgSxrpHC1W1zKuAPcol+xft1vq6/HNmq2xBA4o=
github.com/aws/aws-sdk-go-v2/service/dynamodb v1.59.2 h1:Rk2vMAylCpfUapcjnDLApIyzBBqANEyTiN54VktI07Y=
github.com/aws/aws-sdk-go-v2/service/dynamodb v1.59.2/go.mod h1:HnWoC3m6VmjUSg+kBL6OgQsXdyRAGzBYWb7B3J2f+JM=
github.com/aws/aws-sdk-go-v2/service/dynamodbstreams v1.34.0 h1:O9JPx24Pr+CO7kkxo1EnHwug1UJKqgsMadILrJY72Hw=
github.com/aws/aws-sdk-go-v2/service/dynamodbstreams v1.34.0/go.mod h1:Uk+gmBWz7i2hg5UeGT03758STndDVgEl5+siz9qwUP8=
github.com/aws/aws-sdk-go-v2/service/iam v1.64.1 h1:Uwitin0mXJ7iG5rFuuja3aG9/c84LpyyZUhaTiwZj7w=
github.com/aws/aws-sdk-go-v2/service/iam v1.64.1/go.mod h1:UUmRA59lum0YCVY7b8pz1Qaxa2Jx0rWFm0vX6YZPGfU=
github.com/aws/aws-sdk-go-v2/service/internal/accept-encoding v1.13.19 h1:bAdDl/HkGCcGPoe25ToSHEw23VIxt6CT5fLcg111BKg=
github.com/aws/aws-sdk-go-v2/service/internal/accept-encoding v1.13.19/go.mod h1:KaUzbLxv4CeSxh6ZCl9B4m7CuFenS8kUEaDs+f/DQr4=
github.com/aws/aws-sdk-go-v2/service/internal/checksum v1.11.3 h1:BHKCSX4QXERe8So8rbWqaM7owqOmDJxATXgJwGng22A=
github.com/aws/aws-sdk-go-v2/service/internal/checksum v1.11.3/go.mod h1:GqWeeKfYfezihA2KfFL9l7ohEdZWe1tuFWh3GfyNSnE=
github.com/aws/aws-sdk-go-v2/service/internal/endpoint-discovery v1.12.7 h1:uqsKxr7kJp9DXVj2m8KbVeZcYMuwsNEwvoVrYl2Vpf8=
github.com/aws/aws-sdk-go-v2/service/internal/endpoint-discovery v1.12.7/go.mod h1:Js/P8Zbwe1mRejnD+OpFLyQiJ8ioQlo3GMAg7Dfxk7w=
github.com/aws/aws-sdk-go-v2/service/internal/presigned-url v1.14.4 h1:29SvnfGhXjTl8ONxFwbj2rs6lbhiFXD2CgFQmbT/bXY=
github.com/aws/aws-sdk-go-v2/service/internal/presigned-url v1.14.4/go.mod h1:wm04I5DMuNVvZHFe/dHnUxincvNbbK7AiNBbYsQivek=
github.com/aws/aws-sdk-go-v2/service/internal/s3shared v1.20.3 h1:L8vIOxylma91TcR96NFTEC07G3JDwSl+CvK2b+IODms=
github.com/aws/aws-sdk-go-v2/service/internal/s3shared v1.20.3/go.mod h1:fmPIZQzTExYuBNWFyi1P7IoDjvskgphXqK1yObMzusM=
github.com/aws/aws-sdk-go-v2/service/lambda v1.110.0 h1:fJUTGbCN/EKBq/TIR84MDI0qr4eY9qNaw19dT+S2LCA=
github.com/aws/aws-sdk-go-v2/service/lambda v1.110.0/go.mod h1:jUmFXtUKRVCKTaKap+NgL32pmSkVehamqqMENlGMApk=
github.com/aws/aws-sdk-go-v2/service/s3 v1.113.2 h1:2qsrxKfGgJrHBp4udIsZZVJGTX5lySaY9cJbZRB4J2Y=
github.com/aws/aws-sdk-go-v2/service/s3 v1.113.2/go.mod h1:/uA+2Qj4jd5qBWagVC1AyzzDFXVK997E7U04w7Kw0wI=
github.com/aws/aws-sdk-go-v2/service/signin v1.10.0 h1:ZD5qFpWcaOKdTuhBi431pIDkCgrMkMlMT6jlpSPoIRI=
github.com/aws/aws-sdk-go-v2/service/signin v1.10.0/go.mod h1:8Nuuf+tR346PjJ3MvZPh9pekbLiLQFWJhzMXfwy7alA=
github.com/aws/aws-sdk-go-v2/service/sso v1.38.0 h1:JGeeBcMlhg1xtOXYpeCaTQBZObtXMPQCUqBcmr65NRA=
github.com/aws/aws-sdk-go-v2/service/sso v1.38.0/go.mod h1:XwteswG9EOMRFm73UT0t+MbTwyLxMrEXkU6e+v92Lzo=
github.com/aws/aws-sdk-go-v2/service/ssooidc v1.43.0 h1:obhahQXDEdVEv8y5bTKXR30LVaxYe1kyYM0L7l2Iq+k=
github.com/aws/aws-sdk-go-v2/service/ssooidc v1.43.0/go.mod h1:6twZZ/aXHNy1vXUO8koUbp++MYzMASkOgEBdkbJYmO0=
github.com/aws/aws-sdk-go-v2/service/sts v1.51.1 h1:0HOqZXRvMytH6bFHVIc0oJX07sZjfhz0zXtjs6gdE8s=
github.com/aws/aws-sdk-go-v2/service/sts v1.51.1/go.mod h1:26zA0GhDrLo+yiLI2yXWxqB1PdsShfLikoI7GOEgugM=
github.com/aws/smithy-go v1.28.1 h1:R/nXH00c8qcfCzQVELtRw+eLQWtzv+VAIEFJ1/xxXlQ=
github.com/aws/smithy-go v1.28.1/go.mod h1:YE2RhdIuDbA5E5bTdciG9KrW3+TiEONeUWCqxX9i1Fc=
github.com/cedar-policy/cedar-go v1.6.0 h1:5dYWkrQjza+GzdJxnzmus7Ag/2pHv4bYWe460/kDlAM=
github.com/cedar-policy/cedar-go v1.6.0/go.mod h1:h5+3CVW1oI5LXVskJG+my9TFCYI5yjh/+Ul3EJie6MI=
github.com/google/go-cmp v0.7.0 h1:wk8382ETsv4JYUZwIsn6YpYiWiBsYLSJiTsyBybVuN8=
github.com/google/go-cmp v0.7.0/go.mod h1:pXiqmnSA92OHEEa9HXL2W4E7lf9JzCmGVUdgjX3N/iU=
golang.org/x/exp v0.0.0-20220921023135-46d9e7742f1e h1:Ctm9yurWsg7aWwIpH9Bnap/IdSVxixymIb3MhiMEQQA=
golang.org/x/exp v0.0.0-20220921023135-46d9e7742f1e/go.mod h1:cyybsKvd6eL0RnXn6p/Grxp8F5bW7iYuBgsNCOHpMYE=
